
Microsoft Visual Studio Solution File, Format Version 12.00
# Visual Studio Version 17
VisualStudioVersion = 17.13.35931.197
MinimumVisualStudioVersion = 10.0.40219.1
Project("{FAE04EC0-301F-11D3-BF4B-00C04F79EFBC}") = "SurveyPortalAPI", "SurveyPortalProject\SurveyPortalAPI.csproj", "{C229DE15-0EFA-4BFB-85C0-12737C63770C}"
EndProject
Project("{FAE04EC0-301F-11D3-BF4B-00C04F79EFBC}") = "SurveyPortalUI", "SurveyPortalUI\SurveyPortalUI.csproj", "{2634E366-7BB3-4AE0-BB61-F307FB034D8B}"
EndProject
Global
	GlobalSection(SolutionConfigurationPlatforms) = preSolution
		Debug|Any CPU = Debug|Any CPU
		Release|Any CPU = Release|Any CPU
	EndGlobalSection
	GlobalSection(ProjectConfigurationPlatforms) = postSolution
		{C229DE15-0EFA-4BFB-85C0-12737C63770C}.Debug|Any CPU.ActiveCfg = Debug|Any CPU
		{C229DE15-0EFA-4BFB-85C0-12737C63770C}.Debug|Any CPU.Build.0 = Debug|Any CPU
		{C229DE15-0EFA-4BFB-85C0-12737C63770C}.Release|Any CPU.ActiveCfg = Release|Any CPU
		{C229DE15-0EFA-4BFB-85C0-12737C63770C}.Release|Any CPU.Build.0 = Release|Any CPU
		{2634E366-7BB3-4AE0-BB61-F307FB034D8B}.Debug|Any CPU.ActiveCfg = Debug|Any CPU
		{2634E366-7BB3-4AE0-BB61-F307FB034D8B}.Debug|Any CPU.Build.0 = Debug|Any CPU
		{2634E366-7BB3-4AE0-BB61-F307FB034D8B}.Release|Any CPU.ActiveCfg = Release|Any CPU
		{2634E366-7BB3-4AE0-BB61-F307FB034D8B}.Release|Any CPU.Build.0 = Release|Any CPU
	EndGlobalSection
	GlobalSection(SolutionProperties) = preSolution
		HideSolutionNode = FALSE
	EndGlobalSection
	GlobalSection(ExtensibilityGlobals) = postSolution
		SolutionGuid = {8A41FE68-4200-475F-9D00-396EBBF83455}
	EndGlobalSection
EndGlobal
